PODS:
  - Apple-Cocoapod-KochavaAdNetwork (6.1.0):
    - Apple-Cocoapod-KochavaTracker (~> 6.1.0)
  - Apple-Cocoapod-KochavaCore (6.1.0)
  - Apple-Cocoapod-KochavaTracker (6.1.0):
    - Apple-Cocoapod-KochavaCore (~> 6.1.0)

DEPENDENCIES:
  - Apple-Cocoapod-KochavaAdNetwork (from `../`)

SPEC REPOS:
  trunk:
    - Apple-Cocoapod-KochavaCore
    - Apple-Cocoapod-KochavaTracker

EXTERNAL SOURCES:
  Apple-Cocoapod-KochavaAdNetwork:
    :path: "../"

SPEC CHECKSUMS:
  Apple-Cocoapod-KochavaAdNetwork: 3b80721633e88da5dc72c7d56f31a41a1af0947b
  Apple-Cocoapod-KochavaCore: 8baf9085fcee63ee3a4731fd5e5d9c577ddb8eef
  Apple-Cocoapod-KochavaTracker: adcb230e9bae3eabf95ee79916e8007c693e30e6

PODFILE CHECKSUM: 4e406ad57a6b50d1622b57be15e02bfe28cce3e9

COCOAPODS: 1.11.3
