PODS:
  - Apple-Cocoapod-KochavaAdNetwork (7.0.0):
    - Apple-Cocoapod-KochavaTracker (~> 7.0.0)
  - Apple-Cocoapod-KochavaCore (7.0.0)
  - Apple-Cocoapod-KochavaTracker (7.0.0):
    - Apple-Cocoapod-KochavaCore (~> 7.0.0)

DEPENDENCIES:
  - Apple-Cocoapod-KochavaAdNetwork (from `../`)

SPEC REPOS:
  trunk:
    - Apple-Cocoapod-KochavaCore
    - Apple-Cocoapod-KochavaTracker

EXTERNAL SOURCES:
  Apple-Cocoapod-KochavaAdNetwork:
    :path: "../"

SPEC CHECKSUMS:
  Apple-Cocoapod-KochavaAdNetwork: 2ecac0a79577058a7fc180e93a14739a32aa1bc9
  Apple-Cocoapod-KochavaCore: 601130788203d4451b1a4fd6f0de8b0e1c70e20e
  Apple-Cocoapod-KochavaTracker: 61a24db67a812853094ce5b971745b7b13ac8fdc

PODFILE CHECKSUM: d3f9cbc9b5f741d45ca9028d623401ce5651190f

COCOAPODS: 1.11.3
